
Microsoft Visual Studio Solution File, Format Version 12.00
# Visual Studio 2012
Project("{FAE04EC0-301F-11D3-BF4B-00C04F79EFBC}") = "CEP", "CEP\CEP.csproj", "{24D589B5-47D0-4993-8F54-93A707FF6F09}"
EndProject
Global
	GlobalSection(SolutionConfigurationPlatforms) = preSolution
		Debug|Any CPU = Debug|Any CPU
		Release|Any CPU = Release|Any CPU
	EndGlobalSection
	GlobalSection(ProjectConfigurationPlatforms) = postSolution
		{24D589B5-47D0-4993-8F54-93A707FF6F09}.Debug|Any CPU.ActiveCfg = Debug|Any CPU
		{24D589B5-47D0-4993-8F54-93A707FF6F09}.Debug|Any CPU.Build.0 = Debug|Any CPU
		{24D589B5-47D0-4993-8F54-93A707FF6F09}.Release|Any CPU.ActiveCfg = Release|Any CPU
		{24D589B5-47D0-4993-8F54-93A707FF6F09}.Release|Any CPU.Build.0 = Release|Any CPU
	EndGlobalSection
	GlobalSection(SolutionProperties) = preSolution
		HideSolutionNode = FALSE
	EndGlobalSection
EndGlobal
